PODS:
  - MagicalRecord (2.3.2):
    - MagicalRecord/Core (= 2.3.2)
  - MagicalRecord/Core (2.3.2)

DEPENDENCIES:
  - MagicalRecord

SPEC REPOS:
  https://github.com/cocoapods/specs.git:
    - MagicalRecord

SPEC CHECKSUMS:
  MagicalRecord: 53bed74b4323b930992a725be713e53b37d19755

PODFILE CHECKSUM: 8a5a32cdff30e6f1be2bb696d0404e2153de9462

COCOAPODS: 1.5.3
